// !$*UTF8*$!
{
	archiveVersion = 1;
	classes = {
	};
	objectVersion = 56;
	objects = {

/* Begin PBXBuildFile section */
		0E2220FD2A7D6F51008083BD /* JobMainView.swift in Sources */ = {isa = PBXBuildFile; fileRef = 0E2220FC2A7D6F51008083BD /* JobMainView.swift */; };
		0E2220FF2A7D7C98008083BD /* Components.swift in Sources */ = {isa = PBXBuildFile; fileRef = 0E2220FE2A7D7C98008083BD /* Components.swift */; };
		0E25D10D2A6D41F600EF45B1 /* DesignModifier.swift in Sources */ = {isa = PBXBuildFile; fileRef = 0E25D10C2A6D41F600EF45B1 /* DesignModifier.swift */; };
		0E2D678E2AB5DDF0006CF89D /* LoginView.swift in Sources */ = {isa = PBXBuildFile; fileRef = 0E2D678D2AB5DDF0006CF89D /* LoginView.swift */; };
		0E2D67912AB5DDF0006CF89D /* Alamofire in Frameworks */ = {isa = PBXBuildFile; productRef = 0E2D67902AB5DDF0006CF89D /* Alamofire */; };
		0E2D67942AB5DDF0006CF89D /* UserAPIManager.swift in Sources */ = {isa = PBXBuildFile; fileRef = 0E2D67932AB5DDF0006CF89D /* UserAPIManager.swift */; };
		0E2D67962AB5DDF0006CF89D /* APIURL.plist in Resources */ = {isa = PBXBuildFile; fileRef = 0E2D67952AB5DDF0006CF89D /* APIURL.plist */; };
		0E2D67982AB5DDF0006CF89D /* BundleExtension.swift in Sources */ = {isa = PBXBuildFile; fileRef = 0E2D67972AB5DDF0006CF89D /* BundleExtension.swift */; };
		0E2D679B2AB5DDF0006CF89D /* CombineMoya in Frameworks */ = {isa = PBXBuildFile; productRef = 0E2D679A2AB5DDF0006CF89D /* CombineMoya */; };
		0E2D679D2AB5DDF0006CF89D /* Moya in Frameworks */ = {isa = PBXBuildFile; productRef = 0E2D679C2AB5DDF0006CF89D /* Moya */; };
		0E2D679F2AB5DDF0006CF89D /* ReactiveMoya in Frameworks */ = {isa = PBXBuildFile; productRef = 0E2D679E2AB5DDF0006CF89D /* ReactiveMoya */; };
		0E2D67A12AB5DDF0006CF89D /* RxMoya in Frameworks */ = {isa = PBXBuildFile; productRef = 0E2D67A02AB5DDF0006CF89D /* RxMoya */; };
		0E2D67A42AB5DDF0006CF89D /* UserOB.swift in Sources */ = {isa = PBXBuildFile; fileRef = 0E2D67A32AB5DDF0006CF89D /* UserOB.swift */; };
		0E6AE2822A62D6BE008ADD83 /* Colors.swift in Sources */ = {isa = PBXBuildFile; fileRef = 0E6AE2812A62D6BE008ADD83 /* Colors.swift */; };
		0E6AE2852A62D957008ADD83 /* MainTabView.swift in Sources */ = {isa = PBXBuildFile; fileRef = 0E6AE2842A62D957008ADD83 /* MainTabView.swift */; };
		0E6AE2872A62DAEE008ADD83 /* CommunityMainView.swift in Sources */ = {isa = PBXBuildFile; fileRef = 0E6AE2862A62DAEE008ADD83 /* CommunityMainView.swift */; };
		0E6AE28B2A63CB0C008ADD83 /* CommunityMapView.swift in Sources */ = {isa = PBXBuildFile; fileRef = 0E6AE28A2A63CB0C008ADD83 /* CommunityMapView.swift */; };
		0E6AE28D2A63D53B008ADD83 /* CommunityHotPostView.swift in Sources */ = {isa = PBXBuildFile; fileRef = 0E6AE28C2A63D53B008ADD83 /* CommunityHotPostView.swift */; };
		0E6AE28F2A6ABB7B008ADD83 /* CommunityMyPostView.swift in Sources */ = {isa = PBXBuildFile; fileRef = 0E6AE28E2A6ABB7B008ADD83 /* CommunityMyPostView.swift */; };
		0E6AE2932A6ABE00008ADD83 /* CommunityCreatePostView.swift in Sources */ = {isa = PBXBuildFile; fileRef = 0E6AE2922A6ABE00008ADD83 /* CommunityCreatePostView.swift */; };
		0E6DE2F42A7E1C52003B746D /* JobPostDetailView.swift in Sources */ = {isa = PBXBuildFile; fileRef = 0E6DE2F32A7E1C52003B746D /* JobPostDetailView.swift */; };
		0E71327F2A47E7CA0003306C /* Hey_PororiApp.swift in Sources */ = {isa = PBXBuildFile; fileRef = 0E71327E2A47E7CA0003306C /* Hey_PororiApp.swift */; };
		0E89AB7B2AAF6F3600D776D7 /* JobProfileView.swift in Sources */ = {isa = PBXBuildFile; fileRef = 0E89AB7A2AAF6F3600D776D7 /* JobProfileView.swift */; };
		0E89AB7D2AB0A58600D776D7 /* JobApplyListView.swift in Sources */ = {isa = PBXBuildFile; fileRef = 0E89AB7C2AB0A58600D776D7 /* JobApplyListView.swift */; };
		0E8BF85D2A9B265000AAB263 /* JobCreatePostView.swift in Sources */ = {isa = PBXBuildFile; fileRef = 0E8BF85C2A9B265000AAB263 /* JobCreatePostView.swift */; };
		0E8BF8612A9B2C7700AAB263 /* .pre-commit-config.yaml in Resources */ = {isa = PBXBuildFile; fileRef = 0EE95D752A60597D005B9E16 /* .pre-commit-config.yaml */; };
		0E8BF8622A9B2C7700AAB263 /* .swiftlint.yml in Resources */ = {isa = PBXBuildFile; fileRef = 0EE95D732A605940005B9E16 /* .swiftlint.yml */; };
		0E8BF8632A9B2C7700AAB263 /* Assets.xcassets in Resources */ = {isa = PBXBuildFile; fileRef = 0E7132822A47E7CB0003306C /* Assets.xcassets */; };
		0EA2B2DA2AA758FC00C8D5A9 /* JobPostFilterView.swift in Sources */ = {isa = PBXBuildFile; fileRef = 0EA2B2D92AA758FC00C8D5A9 /* JobPostFilterView.swift */; };
		0EBE7D612A7C9C0000ACE2A1 /* TextExtension.swift in Sources */ = {isa = PBXBuildFile; fileRef = 0EBE7D602A7C9C0000ACE2A1 /* TextExtension.swift */; };
		0EC1FD7F2AB5E34E00E7EEF3 /* Flow in Frameworks */ = {isa = PBXBuildFile; productRef = 0EC1FD7E2AB5E34E00E7EEF3 /* Flow */; };
		0EC1FD812AB5E34E00E7EEF3 /* Renderer in Frameworks */ = {isa = PBXBuildFile; productRef = 0EC1FD802AB5E34E00E7EEF3 /* Renderer */; };
/* End PBXBuildFile section */

/* Begin PBXFileReference section */
		0E2220FC2A7D6F51008083BD /* JobMainView.swift */ = {isa = PBXFileReference; lastKnownFileType = sourcecode.swift; path = JobMainView.swift; sourceTree = "<group>"; };
		0E2220FE2A7D7C98008083BD /* Components.swift */ = {isa = PBXFileReference; lastKnownFileType = sourcecode.swift; path = Components.swift; sourceTree = "<group>"; };
		0E25D10C2A6D41F600EF45B1 /* DesignModifier.swift */ = {isa = PBXFileReference; lastKnownFileType = sourcecode.swift; path = DesignModifier.swift; sourceTree = "<group>"; };
		0E2D678C2AB5DDF0006CF89D /* Hey-Porori.entitlements */ = {isa = PBXFileReference; fileEncoding = 4; lastKnownFileType = text.plist.entitlements; path = "Hey-Porori.entitlements"; sourceTree = "<group>"; };
		0E2D678D2AB5DDF0006CF89D /* LoginView.swift */ = {isa = PBXFileReference; fileEncoding = 4; lastKnownFileType = sourcecode.swift; path = LoginView.swift; sourceTree = "<group>"; };
		0E2D67932AB5DDF0006CF89D /* UserAPIManager.swift */ = {isa = PBXFileReference; fileEncoding = 4; lastKnownFileType = sourcecode.swift; path = UserAPIManager.swift; sourceTree = "<group>"; };
		0E2D67952AB5DDF0006CF89D /* APIURL.plist */ = {isa = PBXFileReference; fileEncoding = 4; lastKnownFileType = text.plist.xml; path = APIURL.plist; sourceTree = "<group>"; };
		0E2D67972AB5DDF0006CF89D /* BundleExtension.swift */ = {isa = PBXFileReference; fileEncoding = 4; lastKnownFileType = sourcecode.swift; path = BundleExtension.swift; sourceTree = "<group>"; };
		0E2D67A32AB5DDF0006CF89D /* UserOB.swift */ = {isa = PBXFileReference; fileEncoding = 4; lastKnownFileType = sourcecode.swift; path = UserOB.swift; sourceTree = "<group>"; };
		0E6AE2812A62D6BE008ADD83 /* Colors.swift */ = {isa = PBXFileReference; lastKnownFileType = sourcecode.swift; path = Colors.swift; sourceTree = "<group>"; };
		0E6AE2842A62D957008ADD83 /* MainTabView.swift */ = {isa = PBXFileReference; lastKnownFileType = sourcecode.swift; path = MainTabView.swift; sourceTree = "<group>"; };
		0E6AE2862A62DAEE008ADD83 /* CommunityMainView.swift */ = {isa = PBXFileReference; lastKnownFileType = sourcecode.swift; path = CommunityMainView.swift; sourceTree = "<group>"; };
		0E6AE28A2A63CB0C008ADD83 /* CommunityMapView.swift */ = {isa = PBXFileReference; lastKnownFileType = sourcecode.swift; path = CommunityMapView.swift; sourceTree = "<group>"; };
		0E6AE28C2A63D53B008ADD83 /* CommunityHotPostView.swift */ = {isa = PBXFileReference; lastKnownFileType = sourcecode.swift; path = CommunityHotPostView.swift; sourceTree = "<group>"; };
		0E6AE28E2A6ABB7B008ADD83 /* CommunityMyPostView.swift */ = {isa = PBXFileReference; lastKnownFileType = sourcecode.swift; path = CommunityMyPostView.swift; sourceTree = "<group>"; };
		0E6AE2922A6ABE00008ADD83 /* CommunityCreatePostView.swift */ = {isa = PBXFileReference; lastKnownFileType = sourcecode.swift; path = CommunityCreatePostView.swift; sourceTree = "<group>"; };
		0E6DE2F32A7E1C52003B746D /* JobPostDetailView.swift */ = {isa = PBXFileReference; lastKnownFileType = sourcecode.swift; path = JobPostDetailView.swift; sourceTree = "<group>"; };
		0E71327B2A47E7CA0003306C /* Hey-Porori.app */ = {isa = PBXFileReference; explicitFileType = wrapper.application; includeInIndex = 0; path = "Hey-Porori.app"; sourceTree = BUILT_PRODUCTS_DIR; };
		0E71327E2A47E7CA0003306C /* Hey_PororiApp.swift */ = {isa = PBXFileReference; lastKnownFileType = sourcecode.swift; path = Hey_PororiApp.swift; sourceTree = "<group>"; };
		0E7132822A47E7CB0003306C /* Assets.xcassets */ = {isa = PBXFileReference; lastKnownFileType = folder.assetcatalog; path = Assets.xcassets; sourceTree = "<group>"; };
		0E7132852A47E7CB0003306C /* Preview Assets.xcassets */ = {isa = PBXFileReference; lastKnownFileType = folder.assetcatalog; path = "Preview Assets.xcassets"; sourceTree = "<group>"; };
		0E89AB7A2AAF6F3600D776D7 /* JobProfileView.swift */ = {isa = PBXFileReference; lastKnownFileType = sourcecode.swift; path = JobProfileView.swift; sourceTree = "<group>"; };
		0E89AB7C2AB0A58600D776D7 /* JobApplyListView.swift */ = {isa = PBXFileReference; lastKnownFileType = sourcecode.swift; path = JobApplyListView.swift; sourceTree = "<group>"; };
		0E8BF85C2A9B265000AAB263 /* JobCreatePostView.swift */ = {isa = PBXFileReference; lastKnownFileType = sourcecode.swift; path = JobCreatePostView.swift; sourceTree = "<group>"; };
		0EA2B2D92AA758FC00C8D5A9 /* JobPostFilterView.swift */ = {isa = PBXFileReference; lastKnownFileType = sourcecode.swift; path = JobPostFilterView.swift; sourceTree = "<group>"; };
		0EBE7D602A7C9C0000ACE2A1 /* TextExtension.swift */ = {isa = PBXFileReference; lastKnownFileType = sourcecode.swift; path = TextExtension.swift; sourceTree = "<group>"; };
		0EE95D732A605940005B9E16 /* .swiftlint.yml */ = {isa = PBXFileReference; lastKnownFileType = text.yaml; path = .swiftlint.yml; sourceTree = "<group>"; };
		0EE95D752A60597D005B9E16 /* .pre-commit-config.yaml */ = {isa = PBXFileReference; lastKnownFileType = text.yaml; path = ".pre-commit-config.yaml"; sourceTree = "<group>"; };
/* End PBXFileReference section */

/* Begin PBXFrameworksBuildPhase section */
		0E7132782A47E7CA0003306C /* Frameworks */ = {
			isa = PBXFrameworksBuildPhase;
			buildActionMask = 2147483647;
			files = (
				0E2D67A12AB5DDF0006CF89D /* RxMoya in Frameworks */,
				0E2D679B2AB5DDF0006CF89D /* CombineMoya in Frameworks */,
				0EC1FD7F2AB5E34E00E7EEF3 /* Flow in Frameworks */,
				0E2D679F2AB5DDF0006CF89D /* ReactiveMoya in Frameworks */,
				0E2D67912AB5DDF0006CF89D /* Alamofire in Frameworks */,
				0EC1FD812AB5E34E00E7EEF3 /* Renderer in Frameworks */,
				0E2D679D2AB5DDF0006CF89D /* Moya in Frameworks */,
			);
			runOnlyForDeploymentPostprocessing = 0;
		};
/* End PBXFrameworksBuildPhase section */

/* Begin PBXGroup section */
		0E2220FB2A742740008083BD /* Job */ = {
			isa = PBXGroup;
			children = (
				0E2220FC2A7D6F51008083BD /* JobMainView.swift */,
				0E6DE2F32A7E1C52003B746D /* JobPostDetailView.swift */,
				0E8BF85C2A9B265000AAB263 /* JobCreatePostView.swift */,
				0EA2B2D92AA758FC00C8D5A9 /* JobPostFilterView.swift */,
				0E89AB7A2AAF6F3600D776D7 /* JobProfileView.swift */,
				0E89AB7C2AB0A58600D776D7 /* JobApplyListView.swift */,
			);
			path = Job;
			sourceTree = "<group>";
		};
		0E2D67922AB5DDF0006CF89D /* API */ = {
			isa = PBXGroup;
			children = (
				0E2D67932AB5DDF0006CF89D /* UserAPIManager.swift */,
				0E2D67952AB5DDF0006CF89D /* APIURL.plist */,
			);
			path = API;
			sourceTree = "<group>";
		};
		0E2D67A22AB5DDF0006CF89D /* Observables */ = {
			isa = PBXGroup;
			children = (
				0E2D67A32AB5DDF0006CF89D /* UserOB.swift */,
			);
			path = Observables;
			sourceTree = "<group>";
		};
		0E6AE2802A62D6AC008ADD83 /* Constants */ = {
			isa = PBXGroup;
			children = (
				0E6AE2812A62D6BE008ADD83 /* Colors.swift */,
			);
			path = Constants;
			sourceTree = "<group>";
		};
		0E6AE2832A62D8E2008ADD83 /* Community */ = {
			isa = PBXGroup;
			children = (
				0E6AE2862A62DAEE008ADD83 /* CommunityMainView.swift */,
				0E6AE28A2A63CB0C008ADD83 /* CommunityMapView.swift */,
				0E6AE28C2A63D53B008ADD83 /* CommunityHotPostView.swift */,
				0E6AE28E2A6ABB7B008ADD83 /* CommunityMyPostView.swift */,
				0E6AE2922A6ABE00008ADD83 /* CommunityCreatePostView.swift */,
			);
			path = Community;
			sourceTree = "<group>";
		};
		0E7132722A47E7CA0003306C = {
			isa = PBXGroup;
			children = (
				0EE95D752A60597D005B9E16 /* .pre-commit-config.yaml */,
				0EE95D732A605940005B9E16 /* .swiftlint.yml */,
				0E71327D2A47E7CA0003306C /* Hey-Porori */,
				0E71327C2A47E7CA0003306C /* Products */,
			);
			sourceTree = "<group>";
		};
		0E71327C2A47E7CA0003306C /* Products */ = {
			isa = PBXGroup;
			children = (
				0E71327B2A47E7CA0003306C /* Hey-Porori.app */,
			);
			name = Products;
			sourceTree = "<group>";
		};
		0E71327D2A47E7CA0003306C /* Hey-Porori */ = {
			isa = PBXGroup;
			children = (
				0E2D67A22AB5DDF0006CF89D /* Observables */,
				0E2D67922AB5DDF0006CF89D /* API */,
				0E2D678C2AB5DDF0006CF89D /* Hey-Porori.entitlements */,
				0EBE7D5F2A7C9BF200ACE2A1 /* Extensions */,
				0E2220FB2A742740008083BD /* Job */,
				0E6AE2832A62D8E2008ADD83 /* Community */,
				0E6AE2802A62D6AC008ADD83 /* Constants */,
				0E6AE2842A62D957008ADD83 /* MainTabView.swift */,
				0E2D678D2AB5DDF0006CF89D /* LoginView.swift */,
				0E2220FE2A7D7C98008083BD /* Components.swift */,
				0E71327E2A47E7CA0003306C /* Hey_PororiApp.swift */,
				0E7132822A47E7CB0003306C /* Assets.xcassets */,
				0E7132842A47E7CB0003306C /* Preview Content */,
			);
			path = "Hey-Porori";
			sourceTree = "<group>";
		};
		0E7132842A47E7CB0003306C /* Preview Content */ = {
			isa = PBXGroup;
			children = (
				0E7132852A47E7CB0003306C /* Preview Assets.xcassets */,
			);
			path = "Preview Content";
			sourceTree = "<group>";
		};
		0EBE7D5F2A7C9BF200ACE2A1 /* Extensions */ = {
			isa = PBXGroup;
			children = (
				0EBE7D602A7C9C0000ACE2A1 /* TextExtension.swift */,
				0E25D10C2A6D41F600EF45B1 /* DesignModifier.swift */,
				0E2D67972AB5DDF0006CF89D /* BundleExtension.swift */,
			);
			path = Extensions;
			sourceTree = "<group>";
		};
/* End PBXGroup section */

/* Begin PBXNativeTarget section */
		0E71327A2A47E7CA0003306C /* Hey-Porori */ = {
			isa = PBXNativeTarget;
			buildConfigurationList = 0E71329F2A47E7CC0003306C /* Build configuration list for PBXNativeTarget "Hey-Porori" */;
			buildPhases = (
				0E7132772A47E7CA0003306C /* Sources */,
				0E7132782A47E7CA0003306C /* Frameworks */,
				0E7132792A47E7CA0003306C /* Resources */,
				0EE95D722A6058CA005B9E16 /* SwiftLint */,
			);
			buildRules = (
			);
			dependencies = (
			);
			name = "Hey-Porori";
			packageProductDependencies = (
				0E2D67902AB5DDF0006CF89D /* Alamofire */,
				0E2D679A2AB5DDF0006CF89D /* CombineMoya */,
				0E2D679C2AB5DDF0006CF89D /* Moya */,
				0E2D679E2AB5DDF0006CF89D /* ReactiveMoya */,
				0E2D67A02AB5DDF0006CF89D /* RxMoya */,
				0EC1FD7E2AB5E34E00E7EEF3 /* Flow */,
				0EC1FD802AB5E34E00E7EEF3 /* Renderer */,
			);
			productName = "Hey-Porori";
			productReference = 0E71327B2A47E7CA0003306C /* Hey-Porori.app */;
			productType = "com.apple.product-type.application";
		};
/* End PBXNativeTarget section */

/* Begin PBXProject section */
		0E7132732A47E7CA0003306C /* Project object */ = {
			isa = PBXProject;
			attributes = {
				BuildIndependentTargetsInParallel = 1;
				LastSwiftUpdateCheck = 1430;
				LastUpgradeCheck = 1430;
				TargetAttributes = {
					0E71327A2A47E7CA0003306C = {
						CreatedOnToolsVersion = 14.3.1;
					};
				};
			};
			buildConfigurationList = 0E7132762A47E7CA0003306C /* Build configuration list for PBXProject "Hey-Porori" */;
			compatibilityVersion = "Xcode 14.0";
			developmentRegion = en;
			hasScannedForEncodings = 0;
			knownRegions = (
				en,
				Base,
			);
			mainGroup = 0E7132722A47E7CA0003306C;
			packageReferences = (
				0E2D678F2AB5DDF0006CF89D /* XCRemoteSwiftPackageReference "Alamofire" */,
				0E2D67992AB5DDF0006CF89D /* XCRemoteSwiftPackageReference "Moya" */,
				0EC1FD7D2AB5E34E00E7EEF3 /* XCRemoteSwiftPackageReference "SwiftUI-Flow" */,
			);
			productRefGroup = 0E71327C2A47E7CA0003306C /* Products */;
			projectDirPath = "";
			projectRoot = "";
			targets = (
				0E71327A2A47E7CA0003306C /* Hey-Porori */,
			);
		};
/* End PBXProject section */

/* Begin PBXResourcesBuildPhase section */
		0E7132792A47E7CA0003306C /* Resources */ = {
			isa = PBXResourcesBuildPhase;
			buildActionMask = 2147483647;
			files = (
				0E8BF8612A9B2C7700AAB263 /* .pre-commit-config.yaml in Resources */,
				0E8BF8622A9B2C7700AAB263 /* .swiftlint.yml in Resources */,
				0E8BF8632A9B2C7700AAB263 /* Assets.xcassets in Resources */,
				0E2D67962AB5DDF0006CF89D /* APIURL.plist in Resources */,
			);
			runOnlyForDeploymentPostprocessing = 0;
		};
/* End PBXResourcesBuildPhase section */

/* Begin PBXShellScriptBuildPhase section */
		0EE95D722A6058CA005B9E16 /* SwiftLint */ = {
			isa = PBXShellScriptBuildPhase;
			buildActionMask = 2147483647;
			files = (
			);
			inputFileListPaths = (
			);
			inputPaths = (
			);
			name = SwiftLint;
			outputFileListPaths = (
			);
			outputPaths = (
			);
			runOnlyForDeploymentPostprocessing = 0;
			shellPath = /bin/sh;
			shellScript = "if [[ \"$(uname -m)\" == arm64 ]]; then\n    export PATH=\"/opt/homebrew/bin:$PATH\"\nfi\n\nif which swiftlint > /dev/null; then\n  swiftlint\nelse\n  echo \"warning: SwiftLint not installed, download from https://github.com/realm/SwiftLint\"\nfi\n";
		};
/* End PBXShellScriptBuildPhase section */

/* Begin PBXSourcesBuildPhase section */
		0E7132772A47E7CA0003306C /* Sources */ = {
			isa = PBXSourcesBuildPhase;
			buildActionMask = 2147483647;
			files = (
				0E6AE2822A62D6BE008ADD83 /* Colors.swift in Sources */,
				0E2220FF2A7D7C98008083BD /* Components.swift in Sources */,
				0EBE7D612A7C9C0000ACE2A1 /* TextExtension.swift in Sources */,
				0E6AE2852A62D957008ADD83 /* MainTabView.swift in Sources */,
				0E2D67942AB5DDF0006CF89D /* UserAPIManager.swift in Sources */,
				0E6AE2932A6ABE00008ADD83 /* CommunityCreatePostView.swift in Sources */,
				0E2D67A42AB5DDF0006CF89D /* UserOB.swift in Sources */,
				0E25D10D2A6D41F600EF45B1 /* DesignModifier.swift in Sources */,
				0E89AB7B2AAF6F3600D776D7 /* JobProfileView.swift in Sources */,
				0E6AE28B2A63CB0C008ADD83 /* CommunityMapView.swift in Sources */,
				0EA2B2DA2AA758FC00C8D5A9 /* JobPostFilterView.swift in Sources */,
				0E71327F2A47E7CA0003306C /* Hey_PororiApp.swift in Sources */,
				0E89AB7D2AB0A58600D776D7 /* JobApplyListView.swift in Sources */,
				0E6DE2F42A7E1C52003B746D /* JobPostDetailView.swift in Sources */,
				0E2D678E2AB5DDF0006CF89D /* LoginView.swift in Sources */,
				0E6AE28D2A63D53B008ADD83 /* CommunityHotPostView.swift in Sources */,
				0E2D67982AB5DDF0006CF89D /* BundleExtension.swift in Sources */,
				0E2220FD2A7D6F51008083BD /* JobMainView.swift in Sources */,
				0E6AE28F2A6ABB7B008ADD83 /* CommunityMyPostView.swift in Sources */,
				0E8BF85D2A9B265000AAB263 /* JobCreatePostView.swift in Sources */,
				0E6AE2872A62DAEE008ADD83 /* CommunityMainView.swift in Sources */,
			);
			runOnlyForDeploymentPostprocessing = 0;
		};
/* End PBXSourcesBuildPhase section */

/* Begin XCBuildConfiguration section */
		0E71329D2A47E7CC0003306C /* Debug */ = {
			isa = XCBuildConfiguration;
			buildSettings = {
				ALWAYS_SEARCH_USER_PATHS = NO;
				CLANG_ANALYZER_NONNULL = YES;
				CLANG_ANALYZER_NUMBER_OBJECT_CONVERSION = YES_AGGRESSIVE;
				CLANG_CXX_LANGUAGE_STANDARD = "gnu++20";
				CLANG_ENABLE_MODULES = YES;
				CLANG_ENABLE_OBJC_ARC = YES;
				CLANG_ENABLE_OBJC_WEAK = YES;
				CLANG_WARN_BLOCK_CAPTURE_AUTORELEASING = YES;
				CLANG_WARN_BOOL_CONVERSION = YES;
				CLANG_WARN_COMMA = YES;
				CLANG_WARN_CONSTANT_CONVERSION = YES;
				CLANG_WARN_DEPRECATED_OBJC_IMPLEMENTATIONS = YES;
				CLANG_WARN_DIRECT_OBJC_ISA_USAGE = YES_ERROR;
				CLANG_WARN_DOCUMENTATION_COMMENTS = YES;
				CLANG_WARN_EMPTY_BODY = YES;
				CLANG_WARN_ENUM_CONVERSION = YES;
				CLANG_WARN_INFINITE_RECURSION = YES;
				CLANG_WARN_INT_CONVERSION = YES;
				CLANG_WARN_NON_LITERAL_NULL_CONVERSION = YES;
				CLANG_WARN_OBJC_IMPLICIT_RETAIN_SELF = YES;
				CLANG_WARN_OBJC_LITERAL_CONVERSION = YES;
				CLANG_WARN_OBJC_ROOT_CLASS = YES_ERROR;
				CLANG_WARN_QUOTED_INCLUDE_IN_FRAMEWORK_HEADER = YES;
				CLANG_WARN_RANGE_LOOP_ANALYSIS = YES;
				CLANG_WARN_STRICT_PROTOTYPES = YES;
				CLANG_WARN_SUSPICIOUS_MOVE = YES;
				CLANG_WARN_UNGUARDED_AVAILABILITY = YES_AGGRESSIVE;
				CLANG_WARN_UNREACHABLE_CODE = YES;
				CLANG_WARN__DUPLICATE_METHOD_MATCH = YES;
				COPY_PHASE_STRIP = NO;
				DEBUG_INFORMATION_FORMAT = dwarf;
				ENABLE_STRICT_OBJC_MSGSEND = YES;
				ENABLE_TESTABILITY = YES;
				GCC_C_LANGUAGE_STANDARD = gnu11;
				GCC_DYNAMIC_NO_PIC = NO;
				GCC_NO_COMMON_BLOCKS = YES;
				GCC_OPTIMIZATION_LEVEL = 0;
				GCC_PREPROCESSOR_DEFINITIONS = (
					"DEBUG=1",
					"$(inherited)",
				);
				GCC_WARN_64_TO_32_BIT_CONVERSION = YES;
				GCC_WARN_ABOUT_RETURN_TYPE = YES_ERROR;
				GCC_WARN_UNDECLARED_SELECTOR = YES;
				GCC_WARN_UNINITIALIZED_AUTOS = YES_AGGRESSIVE;
				GCC_WARN_UNUSED_FUNCTION = YES;
				GCC_WARN_UNUSED_VARIABLE = YES;
				IPHONEOS_DEPLOYMENT_TARGET = 16.4;
				MTL_ENABLE_DEBUG_INFO = INCLUDE_SOURCE;
				MTL_FAST_MATH = YES;
				ONLY_ACTIVE_ARCH = YES;
				SDKROOT = iphoneos;
				SWIFT_ACTIVE_COMPILATION_CONDITIONS = DEBUG;
				SWIFT_OPTIMIZATION_LEVEL = "-Onone";
			};
			name = Debug;
		};
		0E71329E2A47E7CC0003306C /* Release */ = {
			isa = XCBuildConfiguration;
			buildSettings = {
				ALWAYS_SEARCH_USER_PATHS = NO;
				CLANG_ANALYZER_NONNULL = YES;
				CLANG_ANALYZER_NUMBER_OBJECT_CONVERSION = YES_AGGRESSIVE;
				CLANG_CXX_LANGUAGE_STANDARD = "gnu++20";
				CLANG_ENABLE_MODULES = YES;
				CLANG_ENABLE_OBJC_ARC = YES;
				CLANG_ENABLE_OBJC_WEAK = YES;
				CLANG_WARN_BLOCK_CAPTURE_AUTORELEASING = YES;
				CLANG_WARN_BOOL_CONVERSION = YES;
				CLANG_WARN_COMMA = YES;
				CLANG_WARN_CONSTANT_CONVERSION = YES;
				CLANG_WARN_DEPRECATED_OBJC_IMPLEMENTATIONS = YES;
				CLANG_WARN_DIRECT_OBJC_ISA_USAGE = YES_ERROR;
				CLANG_WARN_DOCUMENTATION_COMMENTS = YES;
				CLANG_WARN_EMPTY_BODY = YES;
				CLANG_WARN_ENUM_CONVERSION = YES;
				CLANG_WARN_INFINITE_RECURSION = YES;
				CLANG_WARN_INT_CONVERSION = YES;
				CLANG_WARN_NON_LITERAL_NULL_CONVERSION = YES;
				CLANG_WARN_OBJC_IMPLICIT_RETAIN_SELF = YES;
				CLANG_WARN_OBJC_LITERAL_CONVERSION = YES;
				CLANG_WARN_OBJC_ROOT_CLASS = YES_ERROR;
				CLANG_WARN_QUOTED_INCLUDE_IN_FRAMEWORK_HEADER = YES;
				CLANG_WARN_RANGE_LOOP_ANALYSIS = YES;
				CLANG_WARN_STRICT_PROTOTYPES = YES;
				CLANG_WARN_SUSPICIOUS_MOVE = YES;
				CLANG_WARN_UNGUARDED_AVAILABILITY = YES_AGGRESSIVE;
				CLANG_WARN_UNREACHABLE_CODE = YES;
				CLANG_WARN__DUPLICATE_METHOD_MATCH = YES;
				COPY_PHASE_STRIP = NO;
				DEBUG_INFORMATION_FORMAT = "dwarf-with-dsym";
				ENABLE_NS_ASSERTIONS = NO;
				ENABLE_STRICT_OBJC_MSGSEND = YES;
				GCC_C_LANGUAGE_STANDARD = gnu11;
				GCC_NO_COMMON_BLOCKS = YES;
				GCC_WARN_64_TO_32_BIT_CONVERSION = YES;
				GCC_WARN_ABOUT_RETURN_TYPE = YES_ERROR;
				GCC_WARN_UNDECLARED_SELECTOR = YES;
				GCC_WARN_UNINITIALIZED_AUTOS = YES_AGGRESSIVE;
				GCC_WARN_UNUSED_FUNCTION = YES;
				GCC_WARN_UNUSED_VARIABLE = YES;
				IPHONEOS_DEPLOYMENT_TARGET = 16.4;
				MTL_ENABLE_DEBUG_INFO = NO;
				MTL_FAST_MATH = YES;
				SDKROOT = iphoneos;
				SWIFT_COMPILATION_MODE = wholemodule;
				SWIFT_OPTIMIZATION_LEVEL = "-O";
				VALIDATE_PRODUCT = YES;
			};
			name = Release;
		};
		0E7132A02A47E7CC0003306C /* Debug */ = {
			isa = XCBuildConfiguration;
			buildSettings = {
				ASSETCATALOG_COMPILER_APPICON_NAME = AppIcon;
				ASSETCATALOG_COMPILER_GLOBAL_ACCENT_COLOR_NAME = AccentColor;
				CODE_SIGN_STYLE = Automatic;
				CURRENT_PROJECT_VERSION = 1;
				DEVELOPMENT_ASSET_PATHS = "\"Hey-Porori/Preview Content\"";
				DEVELOPMENT_TEAM = PAQ92DM7XD;
				ENABLE_PREVIEWS = YES;
				GENERATE_INFOPLIST_FILE = YES;
				INFOPLIST_KEY_UIApplicationSceneManifest_Generation = YES;
				INFOPLIST_KEY_UIApplicationSupportsIndirectInputEvents = YES;
				INFOPLIST_KEY_UILaunchScreen_Generation = YES;
				INFOPLIST_KEY_UISupportedInterfaceOrientations_iPad = "UIInterfaceOrientationPortrait UIInterfaceOrientationPortraitUpsideDown UIInterfaceOrientationLandscapeLeft UIInterfaceOrientationLandscapeRight";
				INFOPLIST_KEY_UISupportedInterfaceOrientations_iPhone = "UIInterfaceOrientationPortrait UIInterfaceOrientationLandscapeLeft UIInterfaceOrientationLandscapeRight";
				LD_RUNPATH_SEARCH_PATHS = (
					"$(inherited)",
					"@executable_path/Frameworks",
				);
				MARKETING_VERSION = 1.0;
				PRODUCT_BUNDLE_IDENTIFIER = "Locariya.Hey-Porori";
				PRODUCT_NAME = "$(TARGET_NAME)";
				SWIFT_EMIT_LOC_STRINGS = YES;
				SWIFT_VERSION = 5.0;
				TARGETED_DEVICE_FAMILY = "1,2";
			};
			name = Debug;
		};
		0E7132A12A47E7CC0003306C /* Release */ = {
			isa = XCBuildConfiguration;
			buildSettings = {
				ASSETCATALOG_COMPILER_APPICON_NAME = AppIcon;
				ASSETCATALOG_COMPILER_GLOBAL_ACCENT_COLOR_NAME = AccentColor;
				CODE_SIGN_STYLE = Automatic;
				CURRENT_PROJECT_VERSION = 1;
				DEVELOPMENT_ASSET_PATHS = "\"Hey-Porori/Preview Content\"";
				DEVELOPMENT_TEAM = PAQ92DM7XD;
				ENABLE_PREVIEWS = YES;
				GENERATE_INFOPLIST_FILE = YES;
				INFOPLIST_KEY_UIApplicationSceneManifest_Generation = YES;
				INFOPLIST_KEY_UIApplicationSupportsIndirectInputEvents = YES;
				INFOPLIST_KEY_UILaunchScreen_Generation = YES;
				INFOPLIST_KEY_UISupportedInterfaceOrientations_iPad = "UIInterfaceOrientationPortrait UIInterfaceOrientationPortraitUpsideDown UIInterfaceOrientationLandscapeLeft UIInterfaceOrientationLandscapeRight";
				INFOPLIST_KEY_UISupportedInterfaceOrientations_iPhone = "UIInterfaceOrientationPortrait UIInterfaceOrientationLandscapeLeft UIInterfaceOrientationLandscapeRight";
				LD_RUNPATH_SEARCH_PATHS = (
					"$(inherited)",
					"@executable_path/Frameworks",
				);
				MARKETING_VERSION = 1.0;
				PRODUCT_BUNDLE_IDENTIFIER = "Locariya.Hey-Porori";
				PRODUCT_NAME = "$(TARGET_NAME)";
				SWIFT_EMIT_LOC_STRINGS = YES;
				SWIFT_VERSION = 5.0;
				TARGETED_DEVICE_FAMILY = "1,2";
			};
			name = Release;
		};
/* End XCBuildConfiguration section */

/* Begin XCConfigurationList section */
		0E7132762A47E7CA0003306C /* Build configuration list for PBXProject "Hey-Porori" */ = {
			isa = XCConfigurationList;
			buildConfigurations = (
				0E71329D2A47E7CC0003306C /* Debug */,
				0E71329E2A47E7CC0003306C /* Release */,
			);
			defaultConfigurationIsVisible = 0;
			defaultConfigurationName = Release;
		};
		0E71329F2A47E7CC0003306C /* Build configuration list for PBXNativeTarget "Hey-Porori" */ = {
			isa = XCConfigurationList;
			buildConfigurations = (
				0E7132A02A47E7CC0003306C /* Debug */,
				0E7132A12A47E7CC0003306C /* Release */,
			);
			defaultConfigurationIsVisible = 0;
			defaultConfigurationName = Release;
		};
/* End XCConfigurationList section */

/* Begin XCRemoteSwiftPackageReference section */
		0E2D678F2AB5DDF0006CF89D /* XCRemoteSwiftPackageReference "Alamofire" */ = {
			isa = XCRemoteSwiftPackageReference;
			repositoryURL = "https://github.com/Alamofire/Alamofire.git";
			requirement = {
				kind = upToNextMajorVersion;
				minimumVersion = 5.0.0;
			};
		};
		0E2D67992AB5DDF0006CF89D /* XCRemoteSwiftPackageReference "Moya" */ = {
			isa = XCRemoteSwiftPackageReference;
			repositoryURL = "https://github.com/Moya/Moya.git";
			requirement = {
				kind = upToNextMajorVersion;
				minimumVersion = 15.0.0;
			};
		};
		0EC1FD7D2AB5E34E00E7EEF3 /* XCRemoteSwiftPackageReference "SwiftUI-Flow" */ = {
			isa = XCRemoteSwiftPackageReference;
			repositoryURL = "https://github.com/tevelee/SwiftUI-Flow.git";
			requirement = {
				kind = upToNextMajorVersion;
				minimumVersion = 1.0.0;
			};
		};
/* End XCRemoteSwiftPackageReference section */

/* Begin XCSwiftPackageProductDependency section */
		0E2D67902AB5DDF0006CF89D /* Alamofire */ = {
			isa = XCSwiftPackageProductDependency;
			package = 0E2D678F2AB5DDF0006CF89D /* XCRemoteSwiftPackageReference "Alamofire" */;
			productName = Alamofire;
		};
		0E2D679A2AB5DDF0006CF89D /* CombineMoya */ = {
			isa = XCSwiftPackageProductDependency;
			package = 0E2D67992AB5DDF0006CF89D /* XCRemoteSwiftPackageReference "Moya" */;
			productName = CombineMoya;
		};
		0E2D679C2AB5DDF0006CF89D /* Moya */ = {
			isa = XCSwiftPackageProductDependency;
			package = 0E2D67992AB5DDF0006CF89D /* XCRemoteSwiftPackageReference "Moya" */;
			productName = Moya;
		};
		0E2D679E2AB5DDF0006CF89D /* ReactiveMoya */ = {
			isa = XCSwiftPackageProductDependency;
			package = 0E2D67992AB5DDF0006CF89D /* XCRemoteSwiftPackageReference "Moya" */;
			productName = ReactiveMoya;
		};
		0E2D67A02AB5DDF0006CF89D /* RxMoya */ = {
			isa = XCSwiftPackageProductDependency;
			package = 0E2D67992AB5DDF0006CF89D /* XCRemoteSwiftPackageReference "Moya" */;
			productName = RxMoya;
		};
		0EC1FD7E2AB5E34E00E7EEF3 /* Flow */ = {
			isa = XCSwiftPackageProductDependency;
			package = 0EC1FD7D2AB5E34E00E7EEF3 /* XCRemoteSwiftPackageReference "SwiftUI-Flow" */;
			productName = Flow;
		};
		0EC1FD802AB5E34E00E7EEF3 /* Renderer */ = {
			isa = XCSwiftPackageProductDependency;
			package = 0EC1FD7D2AB5E34E00E7EEF3 /* XCRemoteSwiftPackageReference "SwiftUI-Flow" */;
			productName = Renderer;
		};
/* End XCSwiftPackageProductDependency section */
	};
	rootObject = 0E7132732A47E7CA0003306C /* Project object */;
}
